
Microsoft Visual Studio Solution File, Format Version 12.00
# Visual Studio Version 17
VisualStudioVersion = 17.2.32526.322
MinimumVisualStudioVersion = 10.0.40219.1
Project("{FAE04EC0-301F-11D3-BF4B-00C04F79EFBC}") = "pipeline", "pipeline.csproj", "{8BBF8E69-F4A2-461D-B8C5-03AB88F914CB}"
EndProject
Global
	GlobalSection(SolutionConfigurationPlatforms) = preSolution
		Debug|Any CPU = Debug|Any CPU
		Release|Any CPU = Release|Any CPU
	EndGlobalSection
	GlobalSection(ProjectConfigurationPlatforms) = postSolution
		{8BBF8E69-F4A2-461D-B8C5-03AB88F914CB}.Debug|Any CPU.ActiveCfg = Debug|Any CPU
		{8BBF8E69-F4A2-461D-B8C5-03AB88F914CB}.Debug|Any CPU.Build.0 = Debug|Any CPU
		{8BBF8E69-F4A2-461D-B8C5-03AB88F914CB}.Release|Any CPU.ActiveCfg = Release|Any CPU
		{8BBF8E69-F4A2-461D-B8C5-03AB88F914CB}.Release|Any CPU.Build.0 = Release|Any CPU
	EndGlobalSection
	GlobalSection(SolutionProperties) = preSolution
		HideSolutionNode = FALSE
	EndGlobalSection
	GlobalSection(ExtensibilityGlobals) = postSolution
		SolutionGuid = {C7E56D61-FE4C-4978-998C-2D1D71BFA0C5}
	EndGlobalSection
EndGlobal
